{
  "originHash" : "8e325f93dde52338dfefe7edfda2b027f77e753af4a4ca86d92e7bd46749adf9",
  "pins" : [
    {
      "identity" : "swift-syntax",
      "kind" : "remoteSourceControl",
      "location" : "https://github.com/swiftlang/swift-syntax.git",
      "state" : {
        "revision" : "f99ae8aa18f0cf0d53481901f88a0991dc3bd4a2",
        "version" : "601.0.1"
      }
    }
  ],
  "version" : 3
}
